# THIS IS AN AUTOGENERATED FILE. DO NOT EDIT THIS FILE DIRECTLY.
# yarn lockfile v1


dotenv@^8.1.0:
  version "8.1.0"
  resolved "https://registry.yarnpkg.com/dotenv/-/dotenv-8.1.0.tgz#d811e178652bfb8a1e593c6dd704ec7e90d85ea2"
  integrity sha512-GUE3gqcDCaMltj2++g6bRQ5rBJWtkWTmqmD0fo1RnnMuUqHNCt2oTPeDnS9n6fKYvlhn7AeBkb38lymBtWBQdA==

express-async-errors@^3.1.1:
  version "3.1.1"
  resolved "https://registry.yarnpkg.com/express-async-errors/-/express-async-errors-3.1.1.tgz#6053236d61d21ddef4892d6bd1d736889fc9da41"
  integrity sha512-h6aK1da4tpqWSbyCa3FxB/V6Ehd4EEB15zyQq9qe75OZBp0krinNKuH4rAY+S/U/2I36vdLAUFSjQJ+TFmODng==
